// !$*UTF8*$!
{
	archiveVersion = 1;
	classes = {
	};
	objectVersion = 46;
	objects = {

/* Begin PBXBuildFile section */
		5489675418F1F120008F676E /* Foundation.framework in Frameworks */ = {isa = PBXBuildFile; fileRef = 5489675318F1F120008F676E /* Foundation.framework */; };
		5489675618F1F120008F676E /* CoreGraphics.framework in Frameworks */ = {isa = PBXBuildFile; fileRef = 5489675518F1F120008F676E /* CoreGraphics.framework */; };
		5489675818F1F120008F676E /* UIKit.framework in Frameworks */ = {isa = PBXBuildFile; fileRef = 5489675718F1F120008F676E /* UIKit.framework */; };
		5489675E18F1F120008F676E /* InfoPlist.strings in Resources */ = {isa = PBXBuildFile; fileRef = 5489675C18F1F120008F676E /* InfoPlist.strings */; };
		5489676018F1F120008F676E /* main.m in Sources */ = {isa = PBXBuildFile; fileRef = 5489675F18F1F120008F676E /* main.m */; };
		5489676418F1F120008F676E /* XBAppDelegate.m in Sources */ = {isa = PBXBuildFile; fileRef = 5489676318F1F120008F676E /* XBAppDelegate.m */; };
		5489676718F1F120008F676E /* Main_iPhone.storyboard in Resources */ = {isa = PBXBuildFile; fileRef = 5489676518F1F120008F676E /* Main_iPhone.storyboard */; };
		5489676A18F1F120008F676E /* Main_iPad.storyboard in Resources */ = {isa = PBXBuildFile; fileRef = 5489676818F1F120008F676E /* Main_iPad.storyboard */; };
		5489676D18F1F120008F676E /* XBViewController.m in Sources */ = {isa = PBXBuildFile; fileRef = 5489676C18F1F120008F676E /* XBViewController.m */; };
		5489676F18F1F120008F676E /* Images.xcassets in Resources */ = {isa = PBXBuildFile; fileRef = 5489676E18F1F120008F676E /* Images.xcassets */; };
		5489677618F1F120008F676E /* XCTest.framework in Frameworks */ = {isa = PBXBuildFile; fileRef = 5489677518F1F120008F676E /* XCTest.framework */; };
		5489677718F1F120008F676E /* Foundation.framework in Frameworks */ = {isa = PBXBuildFile; fileRef = 5489675318F1F120008F676E /* Foundation.framework */; };
		5489677818F1F120008F676E /* UIKit.framework in Frameworks */ = {isa = PBXBuildFile; fileRef = 5489675718F1F120008F676E /* UIKit.framework */; };
		5489678018F1F120008F676E /* InfoPlist.strings in Resources */ = {isa = PBXBuildFile; fileRef = 5489677E18F1F120008F676E /* InfoPlist.strings */; };
		5489678218F1F120008F676E /* devoxxTests.m in Sources */ = {isa = PBXBuildFile; fileRef = 5489678118F1F120008F676E /* devoxxTests.m */; };
		5489678C18F1F210008F676E /* www in Resources */ = {isa = PBXBuildFile; fileRef = 5489678B18F1F210008F676E /* www */; };
/* End PBXBuildFile section */

/* Begin PBXContainerItemProxy section */
		5489677918F1F120008F676E /* PBXContainerItemProxy */ = {
			isa = PBXContainerItemProxy;
			containerPortal = 5489674818F1F120008F676E /* Project object */;
			proxyType = 1;
			remoteGlobalIDString = 5489674F18F1F120008F676E;
			remoteInfo = devoxx;
		};
/* End PBXContainerItemProxy section */

/* Begin PBXFileReference section */
		5489675018F1F120008F676E /* devoxx.app */ = {isa = PBXFileReference; explicitFileType = wrapper.application; includeInIndex = 0; path = devoxx.app; sourceTree = BUILT_PRODUCTS_DIR; };
		5489675318F1F120008F676E /* Foundation.framework */ = {isa = PBXFileReference; lastKnownFileType = wrapper.framework; name = Foundation.framework; path = System/Library/Frameworks/Foundation.framework; sourceTree = SDKROOT; };
		5489675518F1F120008F676E /* CoreGraphics.framework */ = {isa = PBXFileReference; lastKnownFileType = wrapper.framework; name = CoreGraphics.framework; path = System/Library/Frameworks/CoreGraphics.framework; sourceTree = SDKROOT; };
		5489675718F1F120008F676E /* UIKit.framework */ = {isa = PBXFileReference; lastKnownFileType = wrapper.framework; name = UIKit.framework; path = System/Library/Frameworks/UIKit.framework; sourceTree = SDKROOT; };
		5489675B18F1F120008F676E /* devoxx-Info.plist */ = {isa = PBXFileReference; lastKnownFileType = text.plist.xml; path = "devoxx-Info.plist"; sourceTree = "<group>"; };
		5489675D18F1F120008F676E /* en */ = {isa = PBXFileReference; lastKnownFileType = text.plist.strings; name = en; path = en.lproj/InfoPlist.strings; sourceTree = "<group>"; };
		5489675F18F1F120008F676E /* main.m */ = {isa = PBXFileReference; lastKnownFileType = sourcecode.c.objc; path = main.m; sourceTree = "<group>"; };
		5489676118F1F120008F676E /* devoxx-Prefix.pch */ = {isa = PBXFileReference; lastKnownFileType = sourcecode.c.h; path = "devoxx-Prefix.pch"; sourceTree = "<group>"; };
		5489676218F1F120008F676E /* XBAppDelegate.h */ = {isa = PBXFileReference; lastKnownFileType = sourcecode.c.h; path = XBAppDelegate.h; sourceTree = "<group>"; };
		5489676318F1F120008F676E /* XBAppDelegate.m */ = {isa = PBXFileReference; lastKnownFileType = sourcecode.c.objc; path = XBAppDelegate.m; sourceTree = "<group>"; };
		5489676618F1F120008F676E /* Base */ = {isa = PBXFileReference; lastKnownFileType = file.storyboard; name = Base; path = Base.lproj/Main_iPhone.storyboard; sourceTree = "<group>"; };
		5489676918F1F120008F676E /* Base */ = {isa = PBXFileReference; lastKnownFileType = file.storyboard; name = Base; path = Base.lproj/Main_iPad.storyboard; sourceTree = "<group>"; };
		5489676B18F1F120008F676E /* XBViewController.h */ = {isa = PBXFileReference; lastKnownFileType = sourcecode.c.h; path = XBViewController.h; sourceTree = "<group>"; };
		5489676C18F1F120008F676E /* XBViewController.m */ = {isa = PBXFileReference; lastKnownFileType = sourcecode.c.objc; path = XBViewController.m; sourceTree = "<group>"; };
		5489676E18F1F120008F676E /* Images.xcassets */ = {isa = PBXFileReference; lastKnownFileType = folder.assetcatalog; path = Images.xcassets; sourceTree = "<group>"; };
		5489677418F1F120008F676E /* devoxxTests.xctest */ = {isa = PBXFileReference; explicitFileType = wrapper.cfbundle; includeInIndex = 0; path = devoxxTests.xctest; sourceTree = BUILT_PRODUCTS_DIR; };
		5489677518F1F120008F676E /* XCTest.framework */ = {isa = PBXFileReference; lastKnownFileType = wrapper.framework; name = XCTest.framework; path = Library/Frameworks/XCTest.framework; sourceTree = DEVELOPER_DIR; };
		5489677D18F1F120008F676E /* devoxxTests-Info.plist */ = {isa = PBXFileReference; lastKnownFileType = text.plist.xml; path = "devoxxTests-Info.plist"; sourceTree = "<group>"; };
		5489677F18F1F120008F676E /* en */ = {isa = PBXFileReference; lastKnownFileType = text.plist.strings; name = en; path = en.lproj/InfoPlist.strings; sourceTree = "<group>"; };
		5489678118F1F120008F676E /* devoxxTests.m */ = {isa = PBXFileReference; lastKnownFileType = sourcecode.c.objc; path = devoxxTests.m; sourceTree = "<group>"; };
		5489678B18F1F210008F676E /* www */ = {isa = PBXFileReference; lastKnownFileType = folder; path = www; sourceTree = "<group>"; };
/* End PBXFileReference section */

/* Begin PBXFrameworksBuildPhase section */
		5489674D18F1F120008F676E /* Frameworks */ = {
			isa = PBXFrameworksBuildPhase;
			buildActionMask = 2147483647;
			files = (
				5489675618F1F120008F676E /* CoreGraphics.framework in Frameworks */,
				5489675818F1F120008F676E /* UIKit.framework in Frameworks */,
				5489675418F1F120008F676E /* Foundation.framework in Frameworks */,
			);
			runOnlyForDeploymentPostprocessing = 0;
		};
		5489677118F1F120008F676E /* Frameworks */ = {
			isa = PBXFrameworksBuildPhase;
			buildActionMask = 2147483647;
			files = (
				5489677618F1F120008F676E /* XCTest.framework in Frameworks */,
				5489677818F1F120008F676E /* UIKit.framework in Frameworks */,
				5489677718F1F120008F676E /* Foundation.framework in Frameworks */,
			);
			runOnlyForDeploymentPostprocessing = 0;
		};
/* End PBXFrameworksBuildPhase section */

/* Begin PBXGroup section */
		5489674718F1F120008F676E = {
			isa = PBXGroup;
			children = (
				5489678B18F1F210008F676E /* www */,
				5489675918F1F120008F676E /* devoxx */,
				5489677B18F1F120008F676E /* devoxxTests */,
				5489675218F1F120008F676E /* Frameworks */,
				5489675118F1F120008F676E /* Products */,
			);
			sourceTree = "<group>";
		};
		5489675118F1F120008F676E /* Products */ = {
			isa = PBXGroup;
			children = (
				5489675018F1F120008F676E /* devoxx.app */,
				5489677418F1F120008F676E /* devoxxTests.xctest */,
			);
			name = Products;
			sourceTree = "<group>";
		};
		5489675218F1F120008F676E /* Frameworks */ = {
			isa = PBXGroup;
			children = (
				5489675318F1F120008F676E /* Foundation.framework */,
				5489675518F1F120008F676E /* CoreGraphics.framework */,
				5489675718F1F120008F676E /* UIKit.framework */,
				5489677518F1F120008F676E /* XCTest.framework */,
			);
			name = Frameworks;
			sourceTree = "<group>";
		};
		5489675918F1F120008F676E /* devoxx */ = {
			isa = PBXGroup;
			children = (
				5489676218F1F120008F676E /* XBAppDelegate.h */,
				5489676318F1F120008F676E /* XBAppDelegate.m */,
				5489676518F1F120008F676E /* Main_iPhone.storyboard */,
				5489676818F1F120008F676E /* Main_iPad.storyboard */,
				5489676B18F1F120008F676E /* XBViewController.h */,
				5489676C18F1F120008F676E /* XBViewController.m */,
				5489676E18F1F120008F676E /* Images.xcassets */,
				5489675A18F1F120008F676E /* Supporting Files */,
			);
			path = devoxx;
			sourceTree = "<group>";
		};
		5489675A18F1F120008F676E /* Supporting Files */ = {
			isa = PBXGroup;
			children = (
				5489675B18F1F120008F676E /* devoxx-Info.plist */,
				5489675C18F1F120008F676E /* InfoPlist.strings */,
				5489675F18F1F120008F676E /* main.m */,
				5489676118F1F120008F676E /* devoxx-Prefix.pch */,
			);
			name = "Supporting Files";
			sourceTree = "<group>";
		};
		5489677B18F1F120008F676E /* devoxxTests */ = {
			isa = PBXGroup;
			children = (
				5489678118F1F120008F676E /* devoxxTests.m */,
				5489677C18F1F120008F676E /* Supporting Files */,
			);
			path = devoxxTests;
			sourceTree = "<group>";
		};
		5489677C18F1F120008F676E /* Supporting Files */ = {
			isa = PBXGroup;
			children = (
				5489677D18F1F120008F676E /* devoxxTests-Info.plist */,
				5489677E18F1F120008F676E /* InfoPlist.strings */,
			);
			name = "Supporting Files";
			sourceTree = "<group>";
		};
/* End PBXGroup section */

/* Begin PBXNativeTarget section */
		5489674F18F1F120008F676E /* devoxx */ = {
			isa = PBXNativeTarget;
			buildConfigurationList = 5489678518F1F120008F676E /* Build configuration list for PBXNativeTarget "devoxx" */;
			buildPhases = (
				5489674C18F1F120008F676E /* Sources */,
				5489674D18F1F120008F676E /* Frameworks */,
				5489674E18F1F120008F676E /* Resources */,
			);
			buildRules = (
			);
			dependencies = (
			);
			name = devoxx;
			productName = devoxx;
			productReference = 5489675018F1F120008F676E /* devoxx.app */;
			productType = "com.apple.product-type.application";
		};
		5489677318F1F120008F676E /* devoxxTests */ = {
			isa = PBXNativeTarget;
			buildConfigurationList = 5489678818F1F120008F676E /* Build configuration list for PBXNativeTarget "devoxxTests" */;
			buildPhases = (
				5489677018F1F120008F676E /* Sources */,
				5489677118F1F120008F676E /* Frameworks */,
				5489677218F1F120008F676E /* Resources */,
			);
			buildRules = (
			);
			dependencies = (
				5489677A18F1F120008F676E /* PBXTargetDependency */,
			);
			name = devoxxTests;
			productName = devoxxTests;
			productReference = 5489677418F1F120008F676E /* devoxxTests.xctest */;
			productType = "com.apple.product-type.bundle.unit-test";
		};
/* End PBXNativeTarget section */

/* Begin PBXProject section */
		5489674818F1F120008F676E /* Project object */ = {
			isa = PBXProject;
			attributes = {
				CLASSPREFIX = XB;
				LastUpgradeCheck = 0510;
				ORGANIZATIONNAME = Xebia;
				TargetAttributes = {
					5489677318F1F120008F676E = {
						TestTargetID = 5489674F18F1F120008F676E;
					};
				};
			};
			buildConfigurationList = 5489674B18F1F120008F676E /* Build configuration list for PBXProject "devoxx" */;
			compatibilityVersion = "Xcode 3.2";
			developmentRegion = English;
			hasScannedForEncodings = 0;
			knownRegions = (
				en,
				Base,
			);
			mainGroup = 5489674718F1F120008F676E;
			productRefGroup = 5489675118F1F120008F676E /* Products */;
			projectDirPath = "";
			projectRoot = "";
			targets = (
				5489674F18F1F120008F676E /* devoxx */,
				5489677318F1F120008F676E /* devoxxTests */,
			);
		};
/* End PBXProject section */

/* Begin PBXResourcesBuildPhase section */
		5489674E18F1F120008F676E /* Resources */ = {
			isa = PBXResourcesBuildPhase;
			buildActionMask = 2147483647;
			files = (
				5489676A18F1F120008F676E /* Main_iPad.storyboard in Resources */,
				5489676F18F1F120008F676E /* Images.xcassets in Resources */,
				5489676718F1F120008F676E /* Main_iPhone.storyboard in Resources */,
				5489678C18F1F210008F676E /* www in Resources */,
				5489675E18F1F120008F676E /* InfoPlist.strings in Resources */,
			);
			runOnlyForDeploymentPostprocessing = 0;
		};
		5489677218F1F120008F676E /* Resources */ = {
			isa = PBXResourcesBuildPhase;
			buildActionMask = 2147483647;
			files = (
				5489678018F1F120008F676E /* InfoPlist.strings in Resources */,
			);
			runOnlyForDeploymentPostprocessing = 0;
		};
/* End PBXResourcesBuildPhase section */

/* Begin PBXSourcesBuildPhase section */
		5489674C18F1F120008F676E /* Sources */ = {
			isa = PBXSourcesBuildPhase;
			buildActionMask = 2147483647;
			files = (
				5489676418F1F120008F676E /* XBAppDelegate.m in Sources */,
				5489676018F1F120008F676E /* main.m in Sources */,
				5489676D18F1F120008F676E /* XBViewController.m in Sources */,
			);
			runOnlyForDeploymentPostprocessing = 0;
		};
		5489677018F1F120008F676E /* Sources */ = {
			isa = PBXSourcesBuildPhase;
			buildActionMask = 2147483647;
			files = (
				5489678218F1F120008F676E /* devoxxTests.m in Sources */,
			);
			runOnlyForDeploymentPostprocessing = 0;
		};
/* End PBXSourcesBuildPhase section */

/* Begin PBXTargetDependency section */
		5489677A18F1F120008F676E /* PBXTargetDependency */ = {
			isa = PBXTargetDependency;
			target = 5489674F18F1F120008F676E /* devoxx */;
			targetProxy = 5489677918F1F120008F676E /* PBXContainerItemProxy */;
		};
/* End PBXTargetDependency section */

/* Begin PBXVariantGroup section */
		5489675C18F1F120008F676E /* InfoPlist.strings */ = {
			isa = PBXVariantGroup;
			children = (
				5489675D18F1F120008F676E /* en */,
			);
			name = InfoPlist.strings;
			sourceTree = "<group>";
		};
		5489676518F1F120008F676E /* Main_iPhone.storyboard */ = {
			isa = PBXVariantGroup;
			children = (
				5489676618F1F120008F676E /* Base */,
			);
			name = Main_iPhone.storyboard;
			sourceTree = "<group>";
		};
		5489676818F1F120008F676E /* Main_iPad.storyboard */ = {
			isa = PBXVariantGroup;
			children = (
				5489676918F1F120008F676E /* Base */,
			);
			name = Main_iPad.storyboard;
			sourceTree = "<group>";
		};
		5489677E18F1F120008F676E /* InfoPlist.strings */ = {
			isa = PBXVariantGroup;
			children = (
				5489677F18F1F120008F676E /* en */,
			);
			name = InfoPlist.strings;
			sourceTree = "<group>";
		};
/* End PBXVariantGroup section */

/* Begin XCBuildConfiguration section */
		5489678318F1F120008F676E /* Debug */ = {
			isa = XCBuildConfiguration;
			buildSettings = {
				ALWAYS_SEARCH_USER_PATHS = NO;
				CLANG_CXX_LANGUAGE_STANDARD = "gnu++0x";
				CLANG_CXX_LIBRARY = "libc++";
				CLANG_ENABLE_MODULES = YES;
				CLANG_ENABLE_OBJC_ARC = YES;
				CLANG_WARN_BOOL_CONVERSION = YES;
				CLANG_WARN_CONSTANT_CONVERSION = YES;
				CLANG_WARN_DIRECT_OBJC_ISA_USAGE = YES_ERROR;
				CLANG_WARN_EMPTY_BODY = YES;
				CLANG_WARN_ENUM_CONVERSION = YES;
				CLANG_WARN_INT_CONVERSION = YES;
				CLANG_WARN_OBJC_ROOT_CLASS = YES_ERROR;
				CLANG_WARN__DUPLICATE_METHOD_MATCH = YES;
				"CODE_SIGN_IDENTITY[sdk=iphoneos*]" = "iPhone Developer";
				COPY_PHASE_STRIP = NO;
				GCC_C_LANGUAGE_STANDARD = gnu99;
				GCC_DYNAMIC_NO_PIC = NO;
				GCC_OPTIMIZATION_LEVEL = 0;
				GCC_PREPROCESSOR_DEFINITIONS = (
					"DEBUG=1",
					"$(inherited)",
				);
				GCC_SYMBOLS_PRIVATE_EXTERN = NO;
				GCC_WARN_64_TO_32_BIT_CONVERSION = YES;
				GCC_WARN_ABOUT_RETURN_TYPE = YES_ERROR;
				GCC_WARN_UNDECLARED_SELECTOR = YES;
				GCC_WARN_UNINITIALIZED_AUTOS = YES_AGGRESSIVE;
				GCC_WARN_UNUSED_FUNCTION = YES;
				GCC_WARN_UNUSED_VARIABLE = YES;
				IPHONEOS_DEPLOYMENT_TARGET = 7.1;
				ONLY_ACTIVE_ARCH = YES;
				SDKROOT = iphoneos;
				TARGETED_DEVICE_FAMILY = "1,2";
			};
			name = Debug;
		};
		5489678418F1F120008F676E /* Release */ = {
			isa = XCBuildConfiguration;
			buildSettings = {
				ALWAYS_SEARCH_USER_PATHS = NO;
				CLANG_CXX_LANGUAGE_STANDARD = "gnu++0x";
				CLANG_CXX_LIBRARY = "libc++";
				CLANG_ENABLE_MODULES = YES;
				CLANG_ENABLE_OBJC_ARC = YES;
				CLANG_WARN_BOOL_CONVERSION = YES;
				CLANG_WARN_CONSTANT_CONVERSION = YES;
				CLANG_WARN_DIRECT_OBJC_ISA_USAGE = YES_ERROR;
				CLANG_WARN_EMPTY_BODY = YES;
				CLANG_WARN_ENUM_CONVERSION = YES;
				CLANG_WARN_INT_CONVERSION = YES;
				CLANG_WARN_OBJC_ROOT_CLASS = YES_ERROR;
				CLANG_WARN__DUPLICATE_METHOD_MATCH = YES;
				"CODE_SIGN_IDENTITY[sdk=iphoneos*]" = "iPhone Developer";
				COPY_PHASE_STRIP = YES;
				ENABLE_NS_ASSERTIONS = NO;
				GCC_C_LANGUAGE_STANDARD = gnu99;
				GCC_WARN_64_TO_32_BIT_CONVERSION = YES;
				GCC_WARN_ABOUT_RETURN_TYPE = YES_ERROR;
				GCC_WARN_UNDECLARED_SELECTOR = YES;
				GCC_WARN_UNINITIALIZED_AUTOS = YES_AGGRESSIVE;
				GCC_WARN_UNUSED_FUNCTION = YES;
				GCC_WARN_UNUSED_VARIABLE = YES;
				IPHONEOS_DEPLOYMENT_TARGET = 7.1;
				SDKROOT = iphoneos;
				TARGETED_DEVICE_FAMILY = "1,2";
				VALIDATE_PRODUCT = YES;
			};
			name = Release;
		};
		5489678618F1F120008F676E /* Debug */ = {
			isa = XCBuildConfiguration;
			buildSettings = {
				ASSETCATALOG_COMPILER_APPICON_NAME = AppIcon;
				ASSETCATALOG_COMPILER_LAUNCHIMAGE_NAME = LaunchImage;
				GCC_PRECOMPILE_PREFIX_HEADER = YES;
				GCC_PREFIX_HEADER = "devoxx/devoxx-Prefix.pch";
				INFOPLIST_FILE = "devoxx/devoxx-Info.plist";
				PRODUCT_NAME = "$(TARGET_NAME)";
				WRAPPER_EXTENSION = app;
			};
			name = Debug;
		};
		5489678718F1F120008F676E /* Release */ = {
			isa = XCBuildConfiguration;
			buildSettings = {
				ASSETCATALOG_COMPILER_APPICON_NAME = AppIcon;
				ASSETCATALOG_COMPILER_LAUNCHIMAGE_NAME = LaunchImage;
				GCC_PRECOMPILE_PREFIX_HEADER = YES;
				GCC_PREFIX_HEADER = "devoxx/devoxx-Prefix.pch";
				INFOPLIST_FILE = "devoxx/devoxx-Info.plist";
				PRODUCT_NAME = "$(TARGET_NAME)";
				WRAPPER_EXTENSION = app;
			};
			name = Release;
		};
		5489678918F1F120008F676E /* Debug */ = {
			isa = XCBuildConfiguration;
			buildSettings = {
				BUNDLE_LOADER = "$(BUILT_PRODUCTS_DIR)/devoxx.app/devoxx";
				FRAMEWORK_SEARCH_PATHS = (
					"$(SDKROOT)/Developer/Library/Frameworks",
					"$(inherited)",
					"$(DEVELOPER_FRAMEWORKS_DIR)",
				);
				GCC_PRECOMPILE_PREFIX_HEADER = YES;
				GCC_PREFIX_HEADER = "devoxx/devoxx-Prefix.pch";
				GCC_PREPROCESSOR_DEFINITIONS = (
					"DEBUG=1",
					"$(inherited)",
				);
				INFOPLIST_FILE = "devoxxTests/devoxxTests-Info.plist";
				PRODUCT_NAME = "$(TARGET_NAME)";
				TEST_HOST = "$(BUNDLE_LOADER)";
				WRAPPER_EXTENSION = xctest;
			};
			name = Debug;
		};
		5489678A18F1F120008F676E /* Release */ = {
			isa = XCBuildConfiguration;
			buildSettings = {
				BUNDLE_LOADER = "$(BUILT_PRODUCTS_DIR)/devoxx.app/devoxx";
				FRAMEWORK_SEARCH_PATHS = (
					"$(SDKROOT)/Developer/Library/Frameworks",
					"$(inherited)",
					"$(DEVELOPER_FRAMEWORKS_DIR)",
				);
				GCC_PRECOMPILE_PREFIX_HEADER = YES;
				GCC_PREFIX_HEADER = "devoxx/devoxx-Prefix.pch";
				INFOPLIST_FILE = "devoxxTests/devoxxTests-Info.plist";
				PRODUCT_NAME = "$(TARGET_NAME)";
				TEST_HOST = "$(BUNDLE_LOADER)";
				WRAPPER_EXTENSION = xctest;
			};
			name = Release;
		};
/* End XCBuildConfiguration section */

/* Begin XCConfigurationList section */
		5489674B18F1F120008F676E /* Build configuration list for PBXProject "devoxx" */ = {
			isa = XCConfigurationList;
			buildConfigurations = (
				5489678318F1F120008F676E /* Debug */,
				5489678418F1F120008F676E /* Release */,
			);
			defaultConfigurationIsVisible = 0;
			defaultConfigurationName = Release;
		};
		5489678518F1F120008F676E /* Build configuration list for PBXNativeTarget "devoxx" */ = {
			isa = XCConfigurationList;
			buildConfigurations = (
				5489678618F1F120008F676E /* Debug */,
				5489678718F1F120008F676E /* Release */,
			);
			defaultConfigurationIsVisible = 0;
		};
		5489678818F1F120008F676E /* Build configuration list for PBXNativeTarget "devoxxTests" */ = {
			isa = XCConfigurationList;
			buildConfigurations = (
				5489678918F1F120008F676E /* Debug */,
				5489678A18F1F120008F676E /* Release */,
			);
			defaultConfigurationIsVisible = 0;
		};
/* End XCConfigurationList section */
	};
	rootObject = 5489674818F1F120008F676E /* Project object */;
}
